
Microsoft Visual Studio Solution File, Format Version 12.00
# Visual Studio Version 17
VisualStudioVersion = 17.9.34728.123
MinimumVisualStudioVersion = 10.0.40219.1
Project("{FAE04EC0-301F-11D3-BF4B-00C04F79EFBC}") = "AngularTaskAPI", "AngularTaskAPI\AngularTaskAPI.csproj", "{27EF9215-EB7C-4AF5-ABAC-490E3CCA5884}"
EndProject
Global
	GlobalSection(SolutionConfigurationPlatforms) = preSolution
		Debug|Any CPU = Debug|Any CPU
		Release|Any CPU = Release|Any CPU
	EndGlobalSection
	GlobalSection(ProjectConfigurationPlatforms) = postSolution
		{27EF9215-EB7C-4AF5-ABAC-490E3CCA5884}.Debug|Any CPU.ActiveCfg = Debug|Any CPU
		{27EF9215-EB7C-4AF5-ABAC-490E3CCA5884}.Debug|Any CPU.Build.0 = Debug|Any CPU
		{27EF9215-EB7C-4AF5-ABAC-490E3CCA5884}.Release|Any CPU.ActiveCfg = Release|Any CPU
		{27EF9215-EB7C-4AF5-ABAC-490E3CCA5884}.Release|Any CPU.Build.0 = Release|Any CPU
	EndGlobalSection
	GlobalSection(SolutionProperties) = preSolution
		HideSolutionNode = FALSE
	EndGlobalSection
	GlobalSection(ExtensibilityGlobals) = postSolution
		SolutionGuid = {D8CD9EB5-F546-4773-8523-645BCAE0449C}
	EndGlobalSection
EndGlobal
